// !$*UTF8*$!
{
	archiveVersion = 1;
	classes = {
	};
	objectVersion = 56;
	objects = {

/* Begin PBXBuildFile section */
		77B6069D2C499C1D002BE5B0 /* recipeRecallApp.swift in Sources */ = {isa = PBXBuildFile; fileRef = 77B6069C2C499C1D002BE5B0 /* recipeRecallApp.swift */; };
		77B6069F2C499C1D002BE5B0 /* ContentView.swift in Sources */ = {isa = PBXBuildFile; fileRef = 77B6069E2C499C1D002BE5B0 /* ContentView.swift */; };
		77B606A12C499C20002BE5B0 /* Assets.xcassets in Resources */ = {isa = PBXBuildFile; fileRef = 77B606A02C499C20002BE5B0 /* Assets.xcassets */; };
		77B606A42C499C20002BE5B0 /* Preview Assets.xcassets in Resources */ = {isa = PBXBuildFile; fileRef = 77B606A32C499C20002BE5B0 /* Preview Assets.xcassets */; };
		77B606AE2C499C21002BE5B0 /* recipeRecallTests.swift in Sources */ = {isa = PBXBuildFile; fileRef = 77B606AD2C499C21002BE5B0 /* recipeRecallTests.swift */; };
		77B606B82C499C21002BE5B0 /* recipeRecallUITests.swift in Sources */ = {isa = PBXBuildFile; fileRef = 77B606B72C499C21002BE5B0 /* recipeRecallUITests.swift */; };
		77B606BA2C499C21002BE5B0 /* recipeRecallUITestsLaunchTests.swift in Sources */ = {isa = PBXBuildFile; fileRef = 77B606B92C499C21002BE5B0 /* recipeRecallUITestsLaunchTests.swift */; };
/* End PBXBuildFile section */

/* Begin PBXContainerItemProxy section */
		77B606AA2C499C21002BE5B0 /* PBXContainerItemProxy */ = {
			isa = PBXContainerItemProxy;
			containerPortal = 77B606912C499C1C002BE5B0 /* Project object */;
			proxyType = 1;
			remoteGlobalIDString = 77B606982C499C1C002BE5B0;
			remoteInfo = recipeRecall;
		};
		77B606B42C499C21002BE5B0 /* PBXContainerItemProxy */ = {
			isa = PBXContainerItemProxy;
			containerPortal = 77B606912C499C1C002BE5B0 /* Project object */;
			proxyType = 1;
			remoteGlobalIDString = 77B606982C499C1C002BE5B0;
			remoteInfo = recipeRecall;
		};
/* End PBXContainerItemProxy section */

/* Begin PBXFileReference section */
		77B606992C499C1C002BE5B0 /* recipeRecall.app */ = {isa = PBXFileReference; explicitFileType = wrapper.application; includeInIndex = 0; path = recipeRecall.app; sourceTree = BUILT_PRODUCTS_DIR; };
		77B6069C2C499C1D002BE5B0 /* recipeRecallApp.swift */ = {isa = PBXFileReference; lastKnownFileType = sourcecode.swift; path = recipeRecallApp.swift; sourceTree = "<group>"; };
		77B6069E2C499C1D002BE5B0 /* ContentView.swift */ = {isa = PBXFileReference; lastKnownFileType = sourcecode.swift; path = ContentView.swift; sourceTree = "<group>"; };
		77B606A02C499C20002BE5B0 /* Assets.xcassets */ = {isa = PBXFileReference; lastKnownFileType = folder.assetcatalog; path = Assets.xcassets; sourceTree = "<group>"; };
		77B606A32C499C20002BE5B0 /* Preview Assets.xcassets */ = {isa = PBXFileReference; lastKnownFileType = folder.assetcatalog; path = "Preview Assets.xcassets"; sourceTree = "<group>"; };
		77B606A92C499C21002BE5B0 /* recipeRecallTests.xctest */ = {isa = PBXFileReference; explicitFileType = wrapper.cfbundle; includeInIndex = 0; path = recipeRecallTests.xctest; sourceTree = BUILT_PRODUCTS_DIR; };
		77B606AD2C499C21002BE5B0 /* recipeRecallTests.swift */ = {isa = PBXFileReference; lastKnownFileType = sourcecode.swift; path = recipeRecallTests.swift; sourceTree = "<group>"; };
		77B606B32C499C21002BE5B0 /* recipeRecallUITests.xctest */ = {isa = PBXFileReference; explicitFileType = wrapper.cfbundle; includeInIndex = 0; path = recipeRecallUITests.xctest; sourceTree = BUILT_PRODUCTS_DIR; };
		77B606B72C499C21002BE5B0 /* recipeRecallUITests.swift */ = {isa = PBXFileReference; lastKnownFileType = sourcecode.swift; path = recipeRecallUITests.swift; sourceTree = "<group>"; };
		77B606B92C499C21002BE5B0 /* recipeRecallUITestsLaunchTests.swift */ = {isa = PBXFileReference; lastKnownFileType = sourcecode.swift; path = recipeRecallUITestsLaunchTests.swift; sourceTree = "<group>"; };
/* End PBXFileReference section */

/* Begin PBXFrameworksBuildPhase section */
		77B606962C499C1C002BE5B0 /* Frameworks */ = {
			isa = PBXFrameworksBuildPhase;
			buildActionMask = 2147483647;
			files = (
			);
			runOnlyForDeploymentPostprocessing = 0;
		};
		77B606A62C499C21002BE5B0 /* Frameworks */ = {
			isa = PBXFrameworksBuildPhase;
			buildActionMask = 2147483647;
			files = (
			);
			runOnlyForDeploymentPostprocessing = 0;
		};
		77B606B02C499C21002BE5B0 /* Frameworks */ = {
			isa = PBXFrameworksBuildPhase;
			buildActionMask = 2147483647;
			files = (
			);
			runOnlyForDeploymentPostprocessing = 0;
		};
/* End PBXFrameworksBuildPhase section */

/* Begin PBXGroup section */
		77B606902C499C1C002BE5B0 = {
			isa = PBXGroup;
			children = (
				77B6069B2C499C1C002BE5B0 /* recipeRecall */,
				77B606AC2C499C21002BE5B0 /* recipeRecallTests */,
				77B606B62C499C21002BE5B0 /* recipeRecallUITests */,
				77B6069A2C499C1C002BE5B0 /* Products */,
			);
			sourceTree = "<group>";
		};
		77B6069A2C499C1C002BE5B0 /* Products */ = {
			isa = PBXGroup;
			children = (
				77B606992C499C1C002BE5B0 /* recipeRecall.app */,
				77B606A92C499C21002BE5B0 /* recipeRecallTests.xctest */,
				77B606B32C499C21002BE5B0 /* recipeRecallUITests.xctest */,
			);
			name = Products;
			sourceTree = "<group>";
		};
		77B6069B2C499C1C002BE5B0 /* recipeRecall */ = {
			isa = PBXGroup;
			children = (
				77B606C62C499CA9002BE5B0 /* Extensions */,
				77B6069C2C499C1D002BE5B0 /* recipeRecallApp.swift */,
				77B6069E2C499C1D002BE5B0 /* ContentView.swift */,
				77B606A02C499C20002BE5B0 /* Assets.xcassets */,
				77B606A22C499C20002BE5B0 /* Preview Content */,
			);
			path = recipeRecall;
			sourceTree = "<group>";
		};
		77B606A22C499C20002BE5B0 /* Preview Content */ = {
			isa = PBXGroup;
			children = (
				77B606A32C499C20002BE5B0 /* Preview Assets.xcassets */,
			);
			path = "Preview Content";
			sourceTree = "<group>";
		};
		77B606AC2C499C21002BE5B0 /* recipeRecallTests */ = {
			isa = PBXGroup;
			children = (
				77B606AD2C499C21002BE5B0 /* recipeRecallTests.swift */,
			);
			path = recipeRecallTests;
			sourceTree = "<group>";
		};
		77B606B62C499C21002BE5B0 /* recipeRecallUITests */ = {
			isa = PBXGroup;
			children = (
				77B606B72C499C21002BE5B0 /* recipeRecallUITests.swift */,
				77B606B92C499C21002BE5B0 /* recipeRecallUITestsLaunchTests.swift */,
			);
			path = recipeRecallUITests;
			sourceTree = "<group>";
		};
		77B606C62C499CA9002BE5B0 /* Extensions */ = {
			isa = PBXGroup;
			children = (
			);
			path = Extensions;
			sourceTree = "<group>";
		};
/* End PBXGroup section */

/* Begin PBXNativeTarget section */
		77B606982C499C1C002BE5B0 /* recipeRecall */ = {
			isa = PBXNativeTarget;
			buildConfigurationList = 77B606BD2C499C21002BE5B0 /* Build configuration list for PBXNativeTarget "recipeRecall" */;
			buildPhases = (
				77B606952C499C1C002BE5B0 /* Sources */,
				77B606962C499C1C002BE5B0 /* Frameworks */,
				77B606972C499C1C002BE5B0 /* Resources */,
			);
			buildRules = (
			);
			dependencies = (
			);
			name = recipeRecall;
			productName = recipeRecall;
			productReference = 77B606992C499C1C002BE5B0 /* recipeRecall.app */;
			productType = "com.apple.product-type.application";
		};
		77B606A82C499C21002BE5B0 /* recipeRecallTests */ = {
			isa = PBXNativeTarget;
			buildConfigurationList = 77B606C02C499C21002BE5B0 /* Build configuration list for PBXNativeTarget "recipeRecallTests" */;
			buildPhases = (
				77B606A52C499C21002BE5B0 /* Sources */,
				77B606A62C499C21002BE5B0 /* Frameworks */,
				77B606A72C499C21002BE5B0 /* Resources */,
			);
			buildRules = (
			);
			dependencies = (
				77B606AB2C499C21002BE5B0 /* PBXTargetDependency */,
			);
			name = recipeRecallTests;
			productName = recipeRecallTests;
			productReference = 77B606A92C499C21002BE5B0 /* recipeRecallTests.xctest */;
			productType = "com.apple.product-type.bundle.unit-test";
		};
		77B606B22C499C21002BE5B0 /* recipeRecallUITests */ = {
			isa = PBXNativeTarget;
			buildConfigurationList = 77B606C32C499C21002BE5B0 /* Build configuration list for PBXNativeTarget "recipeRecallUITests" */;
			buildPhases = (
				77B606AF2C499C21002BE5B0 /* Sources */,
				77B606B02C499C21002BE5B0 /* Frameworks */,
				77B606B12C499C21002BE5B0 /* Resources */,
			);
			buildRules = (
			);
			dependencies = (
				77B606B52C499C21002BE5B0 /* PBXTargetDependency */,
			);
			name = recipeRecallUITests;
			productName = recipeRecallUITests;
			productReference = 77B606B32C499C21002BE5B0 /* recipeRecallUITests.xctest */;
			productType = "com.apple.product-type.bundle.ui-testing";
		};
/* End PBXNativeTarget section */

/* Begin PBXProject section */
		77B606912C499C1C002BE5B0 /* Project object */ = {
			isa = PBXProject;
			attributes = {
				BuildIndependentTargetsInParallel = 1;
				LastSwiftUpdateCheck = 1540;
				LastUpgradeCheck = 1540;
				TargetAttributes = {
					77B606982C499C1C002BE5B0 = {
						CreatedOnToolsVersion = 15.4;
					};
					77B606A82C499C21002BE5B0 = {
						CreatedOnToolsVersion = 15.4;
						TestTargetID = 77B606982C499C1C002BE5B0;
					};
					77B606B22C499C21002BE5B0 = {
						CreatedOnToolsVersion = 15.4;
						TestTargetID = 77B606982C499C1C002BE5B0;
					};
				};
			};
			buildConfigurationList = 77B606942C499C1C002BE5B0 /* Build configuration list for PBXProject "recipeRecall" */;
			compatibilityVersion = "Xcode 14.0";
			developmentRegion = en;
			hasScannedForEncodings = 0;
			knownRegions = (
				en,
				Base,
			);
			mainGroup = 77B606902C499C1C002BE5B0;
			productRefGroup = 77B6069A2C499C1C002BE5B0 /* Products */;
			projectDirPath = "";
			projectRoot = "";
			targets = (
				77B606982C499C1C002BE5B0 /* recipeRecall */,
				77B606A82C499C21002BE5B0 /* recipeRecallTests */,
				77B606B22C499C21002BE5B0 /* recipeRecallUITests */,
			);
		};
/* End PBXProject section */

/* Begin PBXResourcesBuildPhase section */
		77B606972C499C1C002BE5B0 /* Resources */ = {
			isa = PBXResourcesBuildPhase;
			buildActionMask = 2147483647;
			files = (
				77B606A42C499C20002BE5B0 /* Preview Assets.xcassets in Resources */,
				77B606A12C499C20002BE5B0 /* Assets.xcassets in Resources */,
			);
			runOnlyForDeploymentPostprocessing = 0;
		};
		77B606A72C499C21002BE5B0 /* Resources */ = {
			isa = PBXResourcesBuildPhase;
			buildActionMask = 2147483647;
			files = (
			);
			runOnlyForDeploymentPostprocessing = 0;
		};
		77B606B12C499C21002BE5B0 /* Resources */ = {
			isa = PBXResourcesBuildPhase;
			buildActionMask = 2147483647;
			files = (
			);
			runOnlyForDeploymentPostprocessing = 0;
		};
/* End PBXResourcesBuildPhase section */

/* Begin PBXSourcesBuildPhase section */
		77B606952C499C1C002BE5B0 /* Sources */ = {
			isa = PBXSourcesBuildPhase;
			buildActionMask = 2147483647;
			files = (
				77B6069F2C499C1D002BE5B0 /* ContentView.swift in Sources */,
				77B6069D2C499C1D002BE5B0 /* recipeRecallApp.swift in Sources */,
			);
			runOnlyForDeploymentPostprocessing = 0;
		};
		77B606A52C499C21002BE5B0 /* Sources */ = {
			isa = PBXSourcesBuildPhase;
			buildActionMask = 2147483647;
			files = (
				77B606AE2C499C21002BE5B0 /* recipeRecallTests.swift in Sources */,
			);
			runOnlyForDeploymentPostprocessing = 0;
		};
		77B606AF2C499C21002BE5B0 /* Sources */ = {
			isa = PBXSourcesBuildPhase;
			buildActionMask = 2147483647;
			files = (
				77B606B82C499C21002BE5B0 /* recipeRecallUITests.swift in Sources */,
				77B606BA2C499C21002BE5B0 /* recipeRecallUITestsLaunchTests.swift in Sources */,
			);
			runOnlyForDeploymentPostprocessing = 0;
		};
/* End PBXSourcesBuildPhase section */

/* Begin PBXTargetDependency section */
		77B606AB2C499C21002BE5B0 /* PBXTargetDependency */ = {
			isa = PBXTargetDependency;
			target = 77B606982C499C1C002BE5B0 /* recipeRecall */;
			targetProxy = 77B606AA2C499C21002BE5B0 /* PBXContainerItemProxy */;
		};
		77B606B52C499C21002BE5B0 /* PBXTargetDependency */ = {
			isa = PBXTargetDependency;
			target = 77B606982C499C1C002BE5B0 /* recipeRecall */;
			targetProxy = 77B606B42C499C21002BE5B0 /* PBXContainerItemProxy */;
		};
/* End PBXTargetDependency section */

/* Begin XCBuildConfiguration section */
		77B606BB2C499C21002BE5B0 /* Debug */ = {
			isa = XCBuildConfiguration;
			buildSettings = {
				ALWAYS_SEARCH_USER_PATHS = NO;
				ASSETCATALOG_COMPILER_GENERATE_SWIFT_ASSET_SYMBOL_EXTENSIONS = YES;
				CLANG_ANALYZER_NONNULL = YES;
				CLANG_ANALYZER_NUMBER_OBJECT_CONVERSION = YES_AGGRESSIVE;
				CLANG_CXX_LANGUAGE_STANDARD = "gnu++20";
				CLANG_ENABLE_MODULES = YES;
				CLANG_ENABLE_OBJC_ARC = YES;
				CLANG_ENABLE_OBJC_WEAK = YES;
				CLANG_WARN_BLOCK_CAPTURE_AUTORELEASING = YES;
				CLANG_WARN_BOOL_CONVERSION = YES;
				CLANG_WARN_COMMA = YES;
				CLANG_WARN_CONSTANT_CONVERSION = YES;
				CLANG_WARN_DEPRECATED_OBJC_IMPLEMENTATIONS = YES;
				CLANG_WARN_DIRECT_OBJC_ISA_USAGE = YES_ERROR;
				CLANG_WARN_DOCUMENTATION_COMMENTS = YES;
				CLANG_WARN_EMPTY_BODY = YES;
				CLANG_WARN_ENUM_CONVERSION = YES;
				CLANG_WARN_INFINITE_RECURSION = YES;
				CLANG_WARN_INT_CONVERSION = YES;
				CLANG_WARN_NON_LITERAL_NULL_CONVERSION = YES;
				CLANG_WARN_OBJC_IMPLICIT_RETAIN_SELF = YES;
				CLANG_WARN_OBJC_LITERAL_CONVERSION = YES;
				CLANG_WARN_OBJC_ROOT_CLASS = YES_ERROR;
				CLANG_WARN_QUOTED_INCLUDE_IN_FRAMEWORK_HEADER = YES;
				CLANG_WARN_RANGE_LOOP_ANALYSIS = YES;
				CLANG_WARN_STRICT_PROTOTYPES = YES;
				CLANG_WARN_SUSPICIOUS_MOVE = YES;
				CLANG_WARN_UNGUARDED_AVAILABILITY = YES_AGGRESSIVE;
				CLANG_WARN_UNREACHABLE_CODE = YES;
				CLANG_WARN__DUPLICATE_METHOD_MATCH = YES;
				COPY_PHASE_STRIP = NO;
				DEBUG_INFORMATION_FORMAT = dwarf;
				ENABLE_STRICT_OBJC_MSGSEND = YES;
				ENABLE_TESTABILITY = YES;
				ENABLE_USER_SCRIPT_SANDBOXING = YES;
				GCC_C_LANGUAGE_STANDARD = gnu17;
				GCC_DYNAMIC_NO_PIC = NO;
				GCC_NO_COMMON_BLOCKS = YES;
				GCC_OPTIMIZATION_LEVEL = 0;
				GCC_PREPROCESSOR_DEFINITIONS = (
					"DEBUG=1",
					"$(inherited)",
				);
				GCC_WARN_64_TO_32_BIT_CONVERSION = YES;
				GCC_WARN_ABOUT_RETURN_TYPE = YES_ERROR;
				GCC_WARN_UNDECLARED_SELECTOR = YES;
				GCC_WARN_UNINITIALIZED_AUTOS = YES_AGGRESSIVE;
				GCC_WARN_UNUSED_FUNCTION = YES;
				GCC_WARN_UNUSED_VARIABLE = YES;
				IPHONEOS_DEPLOYMENT_TARGET = 17.5;
				LOCALIZATION_PREFERS_STRING_CATALOGS = YES;
				MTL_ENABLE_DEBUG_INFO = INCLUDE_SOURCE;
				MTL_FAST_MATH = YES;
				ONLY_ACTIVE_ARCH = YES;
				SDKROOT = iphoneos;
				SWIFT_ACTIVE_COMPILATION_CONDITIONS = "DEBUG $(inherited)";
				SWIFT_OPTIMIZATION_LEVEL = "-Onone";
			};
			name = Debug;
		};
		77B606BC2C499C21002BE5B0 /* Release */ = {
			isa = XCBuildConfiguration;
			buildSettings = {
				ALWAYS_SEARCH_USER_PATHS = NO;
				ASSETCATALOG_COMPILER_GENERATE_SWIFT_ASSET_SYMBOL_EXTENSIONS = YES;
				CLANG_ANALYZER_NONNULL = YES;
				CLANG_ANALYZER_NUMBER_OBJECT_CONVERSION = YES_AGGRESSIVE;
				CLANG_CXX_LANGUAGE_STANDARD = "gnu++20";
				CLANG_ENABLE_MODULES = YES;
				CLANG_ENABLE_OBJC_ARC = YES;
				CLANG_ENABLE_OBJC_WEAK = YES;
				CLANG_WARN_BLOCK_CAPTURE_AUTORELEASING = YES;
				CLANG_WARN_BOOL_CONVERSION = YES;
				CLANG_WARN_COMMA = YES;
				CLANG_WARN_CONSTANT_CONVERSION = YES;
				CLANG_WARN_DEPRECATED_OBJC_IMPLEMENTATIONS = YES;
				CLANG_WARN_DIRECT_OBJC_ISA_USAGE = YES_ERROR;
				CLANG_WARN_DOCUMENTATION_COMMENTS = YES;
				CLANG_WARN_EMPTY_BODY = YES;
				CLANG_WARN_ENUM_CONVERSION = YES;
				CLANG_WARN_INFINITE_RECURSION = YES;
				CLANG_WARN_INT_CONVERSION = YES;
				CLANG_WARN_NON_LITERAL_NULL_CONVERSION = YES;
				CLANG_WARN_OBJC_IMPLICIT_RETAIN_SELF = YES;
				CLANG_WARN_OBJC_LITERAL_CONVERSION = YES;
				CLANG_WARN_OBJC_ROOT_CLASS = YES_ERROR;
				CLANG_WARN_QUOTED_INCLUDE_IN_FRAMEWORK_HEADER = YES;
				CLANG_WARN_RANGE_LOOP_ANALYSIS = YES;
				CLANG_WARN_STRICT_PROTOTYPES = YES;
				CLANG_WARN_SUSPICIOUS_MOVE = YES;
				CLANG_WARN_UNGUARDED_AVAILABILITY = YES_AGGRESSIVE;
				CLANG_WARN_UNREACHABLE_CODE = YES;
				CLANG_WARN__DUPLICATE_METHOD_MATCH = YES;
				COPY_PHASE_STRIP = NO;
				DEBUG_INFORMATION_FORMAT = "dwarf-with-dsym";
				ENABLE_NS_ASSERTIONS = NO;
				ENABLE_STRICT_OBJC_MSGSEND = YES;
				ENABLE_USER_SCRIPT_SANDBOXING = YES;
				GCC_C_LANGUAGE_STANDARD = gnu17;
				GCC_NO_COMMON_BLOCKS = YES;
				GCC_WARN_64_TO_32_BIT_CONVERSION = YES;
				GCC_WARN_ABOUT_RETURN_TYPE = YES_ERROR;
				GCC_WARN_UNDECLARED_SELECTOR = YES;
				GCC_WARN_UNINITIALIZED_AUTOS = YES_AGGRESSIVE;
				GCC_WARN_UNUSED_FUNCTION = YES;
				GCC_WARN_UNUSED_VARIABLE = YES;
				IPHONEOS_DEPLOYMENT_TARGET = 17.5;
				LOCALIZATION_PREFERS_STRING_CATALOGS = YES;
				MTL_ENABLE_DEBUG_INFO = NO;
				MTL_FAST_MATH = YES;
				SDKROOT = iphoneos;
				SWIFT_COMPILATION_MODE = wholemodule;
				VALIDATE_PRODUCT = YES;
			};
			name = Release;
		};
		77B606BE2C499C21002BE5B0 /* Debug */ = {
			isa = XCBuildConfiguration;
			buildSettings = {
				ASSETCATALOG_COMPILER_APPICON_NAME = AppIcon;
				ASSETCATALOG_COMPILER_GLOBAL_ACCENT_COLOR_NAME = AccentColor;
				CODE_SIGN_STYLE = Automatic;
				CURRENT_PROJECT_VERSION = 1;
				DEVELOPMENT_ASSET_PATHS = "\"recipeRecall/Preview Content\"";
				DEVELOPMENT_TEAM = LVD295Q9H6;
				ENABLE_PREVIEWS = YES;
				GENERATE_INFOPLIST_FILE = YES;
				INFOPLIST_KEY_UIApplicationSceneManifest_Generation = YES;
				INFOPLIST_KEY_UIApplicationSupportsIndirectInputEvents = YES;
				INFOPLIST_KEY_UILaunchScreen_Generation = YES;
				INFOPLIST_KEY_UISupportedInterfaceOrientations_iPad = "UIInterfaceOrientationPortrait UIInterfaceOrientationPortraitUpsideDown UIInterfaceOrientationLandscapeLeft UIInterfaceOrientationLandscapeRight";
				INFOPLIST_KEY_UISupportedInterfaceOrientations_iPhone = "UIInterfaceOrientationPortrait UIInterfaceOrientationLandscapeLeft UIInterfaceOrientationLandscapeRight";
				LD_RUNPATH_SEARCH_PATHS = (
					"$(inherited)",
					"@executable_path/Frameworks",
				);
				MARKETING_VERSION = 1.0;
				PRODUCT_BUNDLE_IDENTIFIER = com.haleybear.recipeRecall;
				PRODUCT_NAME = "$(TARGET_NAME)";
				SWIFT_EMIT_LOC_STRINGS = YES;
				SWIFT_VERSION = 5.0;
				TARGETED_DEVICE_FAMILY = "1,2";
			};
			name = Debug;
		};
		77B606BF2C499C21002BE5B0 /* Release */ = {
			isa = XCBuildConfiguration;
			buildSettings = {
				ASSETCATALOG_COMPILER_APPICON_NAME = AppIcon;
				ASSETCATALOG_COMPILER_GLOBAL_ACCENT_COLOR_NAME = AccentColor;
				CODE_SIGN_STYLE = Automatic;
				CURRENT_PROJECT_VERSION = 1;
				DEVELOPMENT_ASSET_PATHS = "\"recipeRecall/Preview Content\"";
				DEVELOPMENT_TEAM = LVD295Q9H6;
				ENABLE_PREVIEWS = YES;
				GENERATE_INFOPLIST_FILE = YES;
				INFOPLIST_KEY_UIApplicationSceneManifest_Generation = YES;
				INFOPLIST_KEY_UIApplicationSupportsIndirectInputEvents = YES;
				INFOPLIST_KEY_UILaunchScreen_Generation = YES;
				INFOPLIST_KEY_UISupportedInterfaceOrientations_iPad = "UIInterfaceOrientationPortrait UIInterfaceOrientationPortraitUpsideDown UIInterfaceOrientationLandscapeLeft UIInterfaceOrientationLandscapeRight";
				INFOPLIST_KEY_UISupportedInterfaceOrientations_iPhone = "UIInterfaceOrientationPortrait UIInterfaceOrientationLandscapeLeft UIInterfaceOrientationLandscapeRight";
				LD_RUNPATH_SEARCH_PATHS = (
					"$(inherited)",
					"@executable_path/Frameworks",
				);
				MARKETING_VERSION = 1.0;
				PRODUCT_BUNDLE_IDENTIFIER = com.haleybear.recipeRecall;
				PRODUCT_NAME = "$(TARGET_NAME)";
				SWIFT_EMIT_LOC_STRINGS = YES;
				SWIFT_VERSION = 5.0;
				TARGETED_DEVICE_FAMILY = "1,2";
			};
			name = Release;
		};
		77B606C12C499C21002BE5B0 /* Debug */ = {
			isa = XCBuildConfiguration;
			buildSettings = {
				ALWAYS_EMBED_SWIFT_STANDARD_LIBRARIES = YES;
				BUNDLE_LOADER = "$(TEST_HOST)";
				CODE_SIGN_STYLE = Automatic;
				CURRENT_PROJECT_VERSION = 1;
				DEVELOPMENT_TEAM = LVD295Q9H6;
				GENERATE_INFOPLIST_FILE = YES;
				IPHONEOS_DEPLOYMENT_TARGET = 17.5;
				MARKETING_VERSION = 1.0;
				PRODUCT_BUNDLE_IDENTIFIER = com.haleybear.recipeRecallTests;
				PRODUCT_NAME = "$(TARGET_NAME)";
				SWIFT_EMIT_LOC_STRINGS = NO;
				SWIFT_VERSION = 5.0;
				TARGETED_DEVICE_FAMILY = "1,2";
				TEST_HOST = "$(BUILT_PRODUCTS_DIR)/recipeRecall.app/$(BUNDLE_EXECUTABLE_FOLDER_PATH)/recipeRecall";
			};
			name = Debug;
		};
		77B606C22C499C21002BE5B0 /* Release */ = {
			isa = XCBuildConfiguration;
			buildSettings = {
				ALWAYS_EMBED_SWIFT_STANDARD_LIBRARIES = YES;
				BUNDLE_LOADER = "$(TEST_HOST)";
				CODE_SIGN_STYLE = Automatic;
				CURRENT_PROJECT_VERSION = 1;
				DEVELOPMENT_TEAM = LVD295Q9H6;
				GENERATE_INFOPLIST_FILE = YES;
				IPHONEOS_DEPLOYMENT_TARGET = 17.5;
				MARKETING_VERSION = 1.0;
				PRODUCT_BUNDLE_IDENTIFIER = com.haleybear.recipeRecallTests;
				PRODUCT_NAME = "$(TARGET_NAME)";
				SWIFT_EMIT_LOC_STRINGS = NO;
				SWIFT_VERSION = 5.0;
				TARGETED_DEVICE_FAMILY = "1,2";
				TEST_HOST = "$(BUILT_PRODUCTS_DIR)/recipeRecall.app/$(BUNDLE_EXECUTABLE_FOLDER_PATH)/recipeRecall";
			};
			name = Release;
		};
		77B606C42C499C21002BE5B0 /* Debug */ = {
			isa = XCBuildConfiguration;
			buildSettings = {
				ALWAYS_EMBED_SWIFT_STANDARD_LIBRARIES = YES;
				CODE_SIGN_STYLE = Automatic;
				CURRENT_PROJECT_VERSION = 1;
				DEVELOPMENT_TEAM = LVD295Q9H6;
				GENERATE_INFOPLIST_FILE = YES;
				MARKETING_VERSION = 1.0;
				PRODUCT_BUNDLE_IDENTIFIER = com.haleybear.recipeRecallUITests;
				PRODUCT_NAME = "$(TARGET_NAME)";
				SWIFT_EMIT_LOC_STRINGS = NO;
				SWIFT_VERSION = 5.0;
				TARGETED_DEVICE_FAMILY = "1,2";
				TEST_TARGET_NAME = recipeRecall;
			};
			name = Debug;
		};
		77B606C52C499C21002BE5B0 /* Release */ = {
			isa = XCBuildConfiguration;
			buildSettings = {
				ALWAYS_EMBED_SWIFT_STANDARD_LIBRARIES = YES;
				CODE_SIGN_STYLE = Automatic;
				CURRENT_PROJECT_VERSION = 1;
				DEVELOPMENT_TEAM = LVD295Q9H6;
				GENERATE_INFOPLIST_FILE = YES;
				MARKETING_VERSION = 1.0;
				PRODUCT_BUNDLE_IDENTIFIER = com.haleybear.recipeRecallUITests;
				PRODUCT_NAME = "$(TARGET_NAME)";
				SWIFT_EMIT_LOC_STRINGS = NO;
				SWIFT_VERSION = 5.0;
				TARGETED_DEVICE_FAMILY = "1,2";
				TEST_TARGET_NAME = recipeRecall;
			};
			name = Release;
		};
/* End XCBuildConfiguration section */

/* Begin XCConfigurationList section */
		77B606942C499C1C002BE5B0 /* Build configuration list for PBXProject "recipeRecall" */ = {
			isa = XCConfigurationList;
			buildConfigurations = (
				77B606BB2C499C21002BE5B0 /* Debug */,
				77B606BC2C499C21002BE5B0 /* Release */,
			);
			defaultConfigurationIsVisible = 0;
			defaultConfigurationName = Release;
		};
		77B606BD2C499C21002BE5B0 /* Build configuration list for PBXNativeTarget "recipeRecall" */ = {
			isa = XCConfigurationList;
			buildConfigurations = (
				77B606BE2C499C21002BE5B0 /* Debug */,
				77B606BF2C499C21002BE5B0 /* Release */,
			);
			defaultConfigurationIsVisible = 0;
			defaultConfigurationName = Release;
		};
		77B606C02C499C21002BE5B0 /* Build configuration list for PBXNativeTarget "recipeRecallTests" */ = {
			isa = XCConfigurationList;
			buildConfigurations = (
				77B606C12C499C21002BE5B0 /* Debug */,
				77B606C22C499C21002BE5B0 /* Release */,
			);
			defaultConfigurationIsVisible = 0;
			defaultConfigurationName = Release;
		};
		77B606C32C499C21002BE5B0 /* Build configuration list for PBXNativeTarget "recipeRecallUITests" */ = {
			isa = XCConfigurationList;
			buildConfigurations = (
				77B606C42C499C21002BE5B0 /* Debug */,
				77B606C52C499C21002BE5B0 /* Release */,
			);
			defaultConfigurationIsVisible = 0;
			defaultConfigurationName = Release;
		};
/* End XCConfigurationList section */
	};
	rootObject = 77B606912C499C1C002BE5B0 /* Project object */;
}
